# THIS IS AN AUTOGENERATED FILE. DO NOT EDIT THIS FILE DIRECTLY.
# yarn lockfile v1


"@types/node@^17.0.33":
  "integrity" "sha512-miWq2m2FiQZmaHfdZNcbpp9PuXg34W5JZ5CrJ/BaS70VuhoJENBEQybeiYSaPBRNq6KQGnjfEnc/F3PN++D+XQ=="
  "resolved" "https://registry.npmjs.org/@types/node/-/node-17.0.33.tgz"
  "version" "17.0.33"

"@valapi/api-wrapper@latest":
  "integrity" "sha512-SRxjF3vWziy100Jl3l+8Rg9dqbeVF5EmlP7wzQyqYwYmouLOO4JPcjYEJ1yHDKf5ur9KnlfBf8+9R+IV7r8hcQ=="
  "resolved" "https://npm.pkg.github.com/download/@valapi/api-wrapper/1.1.2/51d394a8e85af4be86f900137733e82118b95076afdfbcedf3e2127d0f1598d5"
  "version" "1.1.2"
  dependencies:
    "@valapi/lib" "latest"
    "axios" "^0.27.2"
    "http-cookie-agent" "^2.1.2"
    "tough-cookie" "^4.0.0"

"@valapi/lib@latest":
  "integrity" "sha512-qONQqMrMkzLZvm8Y7/fx/UzR+paLzB6kvL+RE0GE7iR2lmXs557HRCCIOR4Fy045fkOfJocURkFT1Rg1Qzvn8g=="
  "resolved" "https://npm.pkg.github.com/download/@valapi/lib/1.1.0/bf3796cb7a0be0d50eebb732f709b14bcf85736836ba9ad1eef52accdc6ef5a1"
  "version" "1.1.0"

"@valapi/riot-api@latest":
  "integrity" "sha512-cVy5qwYh0P+ZnroT9naKNM7Qfn463dxdA93XJXRmmtIU3ayVAmEqHMBJmbZoLBY5q7rJ3A4YlXmglHzU3cYVow=="
  "resolved" "https://npm.pkg.github.com/download/@valapi/riot-api/1.1.0/8d62b55b531540eb3d9706b370bfc63e4d2f3a3d9bf57d6a452314a1e1d83105"
  "version" "1.1.0"
  dependencies:
    "@valapi/lib" "latest"
    "axios" "^0.27.2"

"@valapi/riot-client@latest":
  "integrity" "sha512-GTkJOFGSp+MWNvIEOcq1tCVwx4eywno/ayHle+DSX3zWerU7cFHXWoX9KqKX0Al2ysivNciU+6WdYxqGWHFaKw=="
  "resolved" "https://npm.pkg.github.com/download/@valapi/riot-client/1.1.0/10e4a15c0d49e60251b1b8499c3a0f08ab8de910263b181d1f320aae6d66140d"
  "version" "1.1.0"
  dependencies:
    "@valapi/lib" "latest"
    "axios" "^0.27.2"

"@valapi/valorant-api.com@latest":
  "integrity" "sha512-wPpP1L1ntZGWjjx7H8zKwAzj5By5zwFqQLVCeJkBK77nmSRvy4s85NCyk9EHXab9A22oLd2WiaLwX0HNjEy+JQ=="
  "resolved" "https://npm.pkg.github.com/download/@valapi/valorant-api.com/1.1.2/9fa9216045dd439e99f7277fad6b88ef5930bbee33233a34ff550a66a2b91f05"
  "version" "1.1.2"
  dependencies:
    "@valapi/lib" "latest"
    "axios" "^0.27.2"

"agent-base@^6.0.2":
  "integrity" "sha512-RZNwNclF7+MS/8bDg70amg32dyeZGZxiDuQmZxKLAlQjr3jGyLx+4Kkk58UO7D2QdgFIQCovuSuZESne6RG6XQ=="
  "resolved" "https://registry.npmjs.org/agent-base/-/agent-base-6.0.2.tgz"
  "version" "6.0.2"
  dependencies:
    "debug" "4"

"asynckit@^0.4.0":
  "integrity" "sha1-x57Zf380y48robyXkLzDZkdLS3k="
  "resolved" "https://registry.npmjs.org/asynckit/-/asynckit-0.4.0.tgz"
  "version" "0.4.0"

"axios@^0.27.2":
  "integrity" "sha512-t+yRIyySRTp/wua5xEr+z1q60QmLq8ABsS5O9Me1AsE5dfKqgnCFzwiCZZ/cGNd1lq4/7akDWMxdhVlucjmnOQ=="
  "resolved" "https://registry.npmjs.org/axios/-/axios-0.27.2.tgz"
  "version" "0.27.2"
  dependencies:
    "follow-redirects" "^1.14.9"
    "form-data" "^4.0.0"

"combined-stream@^1.0.8":
  "integrity" "sha512-FQN4MRfuJeHf7cBbBMJFXhKSDq+2kAArBlmRBvcvFE5BB1HZKXtSFASDhdlz9zOYwxh8lDdnvmMOe/+5cdoEdg=="
  "resolved" "https://registry.npmjs.org/combined-stream/-/combined-stream-1.0.8.tgz"
  "version" "1.0.8"
  dependencies:
    "delayed-stream" "~1.0.0"

"debug@4":
  "integrity" "sha512-PRWFHuSU3eDtQJPvnNY7Jcket1j0t5OuOsFzPPzsekD52Zl8qUfFIPEiswXqIvHWGVHOgX+7G/vCNNhehwxfkQ=="
  "resolved" "https://registry.npmjs.org/debug/-/debug-4.3.4.tgz"
  "version" "4.3.4"
  dependencies:
    "ms" "2.1.2"

"delayed-stream@~1.0.0":
  "integrity" "sha1-3zrhmayt+31ECqrgsp4icrJOxhk="
  "resolved" "https://registry.npmjs.org/delayed-stream/-/delayed-stream-1.0.0.tgz"
  "version" "1.0.0"

"follow-redirects@^1.14.9":
  "integrity" "sha512-aExlJShTV4qOUOL7yF1U5tvLCB0xQuudbf6toyYA0E/acBNw71mvjFTnLaRp50aQaYocMR0a/RMMBIHeZnGyjQ=="
  "resolved" "https://registry.npmjs.org/follow-redirects/-/follow-redirects-1.15.0.tgz"
  "version" "1.15.0"

"form-data@^4.0.0":
  "integrity" "sha512-ETEklSGi5t0QMZuiXoA/Q6vcnxcLQP5vdugSpuAyi6SVGi2clPPp+xgEhuMaHC+zGgn31Kd235W35f7Hykkaww=="
  "resolved" "https://registry.npmjs.org/form-data/-/form-data-4.0.0.tgz"
  "version" "4.0.0"
  dependencies:
    "asynckit" "^0.4.0"
    "combined-stream" "^1.0.8"
    "mime-types" "^2.1.12"

"http-cookie-agent@^2.1.2":
  "integrity" "sha512-JW4vAM0mx8fG49Kz0Lg5rj+k9uGH0/qXLguo+axyBUZ5bOpKrSkIpb2UaV3i4agqkD2zC5vLZMYEjSGSlErhwA=="
  "resolved" "https://registry.npmjs.org/http-cookie-agent/-/http-cookie-agent-2.1.2.tgz"
  "version" "2.1.2"
  dependencies:
    "agent-base" "^6.0.2"

"mime-db@1.52.0":
  "integrity" "sha512-sPU4uV7dYlvtWJxwwxHD0PuihVNiE7TyAbQ5SWxDCB9mUYvOgroQOwYQQOKPJ8CIbE+1ETVlOoK1UC2nU3gYvg=="
  "resolved" "https://registry.npmjs.org/mime-db/-/mime-db-1.52.0.tgz"
  "version" "1.52.0"

"mime-types@^2.1.12":
  "integrity" "sha512-ZDY+bPm5zTTF+YpCrAU9nK0UgICYPT0QtT1NZWFv4s++TNkcgVaT0g6+4R2uI4MjQjzysHB1zxuWL50hzaeXiw=="
  "resolved" "https://registry.npmjs.org/mime-types/-/mime-types-2.1.35.tgz"
  "version" "2.1.35"
  dependencies:
    "mime-db" "1.52.0"

"ms@2.1.2":
  "integrity" "sha512-sGkPx+VjMtmA6MX27oA4FBFELFCZZ4S4XqeGOXCv68tT+jb3vk/RyaKWP0PTKyWtmLSM0b+adUTEvbs1PEaH2w=="
  "resolved" "https://registry.npmjs.org/ms/-/ms-2.1.2.tgz"
  "version" "2.1.2"

"psl@^1.1.33":
  "integrity" "sha512-RIdOzyoavK+hA18OGGWDqUTsCLhtA7IcZ/6NCs4fFJaHBDab+pDDmDIByWFRQJq2Cd7r1OoQxBGKOaztq+hjIQ=="
  "resolved" "https://registry.npmjs.org/psl/-/psl-1.8.0.tgz"
  "version" "1.8.0"

"punycode@^2.1.1":
  "integrity" "sha512-XRsRjdf+j5ml+y/6GKHPZbrF/8p2Yga0JPtdqTIY2Xe5ohJPD9saDJJLPvp9+NSBprVvevdXZybnj2cv8OEd0A=="
  "resolved" "https://registry.npmjs.org/punycode/-/punycode-2.1.1.tgz"
  "version" "2.1.1"

"tough-cookie@^4.0.0":
  "integrity" "sha512-tHdtEpQCMrc1YLrMaqXXcj6AxhYi/xgit6mZu1+EDWUn+qhUf8wMQoFIy9NXuq23zAwtcB0t/MjACGR18pcRbg=="
  "resolved" "https://registry.npmjs.org/tough-cookie/-/tough-cookie-4.0.0.tgz"
  "version" "4.0.0"
  dependencies:
    "psl" "^1.1.33"
    "punycode" "^2.1.1"
    "universalify" "^0.1.2"

"typescript@^4.6.3":
  "integrity" "sha512-9ia/jWHIEbo49HfjrLGfKbZSuWo9iTMwXO+Ca3pRsSpbsMbc7/IU8NKdCZVRRBafVPGnoJeFL76ZOAA84I9fEg=="
  "resolved" "https://registry.npmjs.org/typescript/-/typescript-4.6.4.tgz"
  "version" "4.6.4"

"universalify@^0.1.2":
  "integrity" "sha512-rBJeI5CXAlmy1pV+617WB9J63U6XcazHHF2f2dbJix4XzpUF0RS3Zbj0FGIOCAva5P/d/GBOYaACQ1w+0azUkg=="
  "resolved" "https://registry.npmjs.org/universalify/-/universalify-0.1.2.tgz"
  "version" "0.1.2"
