# THIS IS AN AUTOGENERATED FILE. DO NOT EDIT THIS FILE DIRECTLY.
# yarn lockfile v1


"@ing3kth/core@^1.8.2":
  version "1.8.2"
  resolved "https://registry.yarnpkg.com/@ing3kth/core/-/core-1.8.2.tgz#35e00b76ee797c07233e5b365fee518744dba4dd"
  integrity sha512-Umy+aFnjxwFfINmMQ5ZY8n43OWf8FNCdBbI9Ab9/pfWSit1ULhMLxlwJ955isXUmvjv9UVxnQX4UY4AxSCWhBQ==
  dependencies:
    axios "^0.26.1"
    axios-cookiejar-support "^2.0.4"
    commander "^9.2.0"
    tough-cookie "^4.0.0"

"@types/crypto-js@^4.1.1":
  version "4.1.1"
  resolved "https://registry.yarnpkg.com/@types/crypto-js/-/crypto-js-4.1.1.tgz#602859584cecc91894eb23a4892f38cfa927890d"
  integrity sha512-BG7fQKZ689HIoc5h+6D2Dgq1fABRa0RbBWKBd9SP/MVRVXROflpm5fhwyATX5duFmbStzyzyycPB8qUYKDH3NA==

"@types/node@^17.0.25":
  version "17.0.30"
  resolved "https://registry.yarnpkg.com/@types/node/-/node-17.0.30.tgz#2c6e8512acac70815e8176aa30c38025067880ef"
  integrity sha512-oNBIZjIqyHYP8VCNAV9uEytXVeXG2oR0w9lgAXro20eugRQfY002qr3CUl6BAe+Yf/z3CRjPdz27Pu6WWtuSRw==

"@types/tough-cookie@^4.0.2":
  version "4.0.2"
  resolved "https://registry.yarnpkg.com/@types/tough-cookie/-/tough-cookie-4.0.2.tgz#6286b4c7228d58ab7866d19716f3696e03a09397"
  integrity sha512-Q5vtl1W5ue16D+nIaW8JWebSSraJVlK+EthKn7e7UcD4KWsaSJ8BqGPXNaPghgtcn/fhvrN17Tv8ksUsQpiplw==

agent-base@^6.0.2:
  version "6.0.2"
  resolved "https://registry.yarnpkg.com/agent-base/-/agent-base-6.0.2.tgz#49fff58577cfee3f37176feab4c22e00f86d7f77"
  integrity sha512-RZNwNclF7+MS/8bDg70amg32dyeZGZxiDuQmZxKLAlQjr3jGyLx+4Kkk58UO7D2QdgFIQCovuSuZESne6RG6XQ==
  dependencies:
    debug "4"

axios-cookiejar-support@^2.0.4:
  version "2.0.4"
  resolved "https://registry.yarnpkg.com/axios-cookiejar-support/-/axios-cookiejar-support-2.0.4.tgz#1c0e92775d8e18ee965a7f32462df57bf15a43f0"
  integrity sha512-N4MwaEp5zCAv+wIp5OFZOPiD2qXCCnx21mMQu7yvO8E9j6YlZWazEHXpz7iJlk6HhZ8vh09ujYJJ594H+iVKmA==
  dependencies:
    http-cookie-agent "^1.0.2"

axios@^0.26.1:
  version "0.26.1"
  resolved "https://registry.yarnpkg.com/axios/-/axios-0.26.1.tgz#1ede41c51fcf51bbbd6fd43669caaa4f0495aaa9"
  integrity sha512-fPwcX4EvnSHuInCMItEhAGnaSEXRBjtzh9fOtsE6E1G6p7vl7edEeZe11QHf18+6+9gR5PbKV/sGKNaD8YaMeA==
  dependencies:
    follow-redirects "^1.14.8"

commander@^9.2.0:
  version "9.2.0"
  resolved "https://registry.yarnpkg.com/commander/-/commander-9.2.0.tgz#6e21014b2ed90d8b7c9647230d8b7a94a4a419a9"
  integrity sha512-e2i4wANQiSXgnrBlIatyHtP1odfUp0BbV5Y5nEGbxtIrStkEOAAzCUirvLBNXHLr7kwLvJl6V+4V3XV9x7Wd9w==

crypto-js@^4.1.1:
  version "4.1.1"
  resolved "https://registry.yarnpkg.com/crypto-js/-/crypto-js-4.1.1.tgz#9e485bcf03521041bd85844786b83fb7619736cf"
  integrity sha512-o2JlM7ydqd3Qk9CA0L4NL6mTzU2sdx96a+oOfPu8Mkl/PK51vSyoi8/rQ8NknZtk44vq15lmhAj9CIAGwgeWKw==

debug@4:
  version "4.3.4"
  resolved "https://registry.yarnpkg.com/debug/-/debug-4.3.4.tgz#1319f6579357f2338d3337d2cdd4914bb5dcc865"
  integrity sha512-PRWFHuSU3eDtQJPvnNY7Jcket1j0t5OuOsFzPPzsekD52Zl8qUfFIPEiswXqIvHWGVHOgX+7G/vCNNhehwxfkQ==
  dependencies:
    ms "2.1.2"

follow-redirects@^1.14.8:
  version "1.14.9"
  resolved "https://registry.yarnpkg.com/follow-redirects/-/follow-redirects-1.14.9.tgz#dd4ea157de7bfaf9ea9b3fbd85aa16951f78d8d7"
  integrity sha512-MQDfihBQYMcyy5dhRDJUHcw7lb2Pv/TuE6xP1vyraLukNDHKbDxDNaOE3NbCAdKQApno+GPRyo1YAp89yCjK4w==

http-cookie-agent@^1.0.2:
  version "1.0.5"
  resolved "https://registry.yarnpkg.com/http-cookie-agent/-/http-cookie-agent-1.0.5.tgz#afb569f6e31f46b6ffc97a0616769add3395445d"
  integrity sha512-X8QM/rGPu/cb7A37uNLuz+PZfkmlQ9PycDD+/QsmqICXBd9grKWdWKMzg/BDkzxIbV+P/FYTsKZn08KcXgbLsQ==
  dependencies:
    agent-base "^6.0.2"

ms@2.1.2:
  version "2.1.2"
  resolved "https://registry.yarnpkg.com/ms/-/ms-2.1.2.tgz#d09d1f357b443f493382a8eb3ccd183872ae6009"
  integrity sha512-sGkPx+VjMtmA6MX27oA4FBFELFCZZ4S4XqeGOXCv68tT+jb3vk/RyaKWP0PTKyWtmLSM0b+adUTEvbs1PEaH2w==

psl@^1.1.33:
  version "1.8.0"
  resolved "https://registry.yarnpkg.com/psl/-/psl-1.8.0.tgz#9326f8bcfb013adcc005fdff056acce020e51c24"
  integrity sha512-RIdOzyoavK+hA18OGGWDqUTsCLhtA7IcZ/6NCs4fFJaHBDab+pDDmDIByWFRQJq2Cd7r1OoQxBGKOaztq+hjIQ==

punycode@^2.1.1:
  version "2.1.1"
  resolved "https://registry.yarnpkg.com/punycode/-/punycode-2.1.1.tgz#b58b010ac40c22c5657616c8d2c2c02c7bf479ec"
  integrity sha512-XRsRjdf+j5ml+y/6GKHPZbrF/8p2Yga0JPtdqTIY2Xe5ohJPD9saDJJLPvp9+NSBprVvevdXZybnj2cv8OEd0A==

tough-cookie@^4.0.0:
  version "4.0.0"
  resolved "https://registry.yarnpkg.com/tough-cookie/-/tough-cookie-4.0.0.tgz#d822234eeca882f991f0f908824ad2622ddbece4"
  integrity sha512-tHdtEpQCMrc1YLrMaqXXcj6AxhYi/xgit6mZu1+EDWUn+qhUf8wMQoFIy9NXuq23zAwtcB0t/MjACGR18pcRbg==
  dependencies:
    psl "^1.1.33"
    punycode "^2.1.1"
    universalify "^0.1.2"

typescript@^4.6.3:
  version "4.6.4"
  resolved "https://registry.yarnpkg.com/typescript/-/typescript-4.6.4.tgz#caa78bbc3a59e6a5c510d35703f6a09877ce45e9"
  integrity sha512-9ia/jWHIEbo49HfjrLGfKbZSuWo9iTMwXO+Ca3pRsSpbsMbc7/IU8NKdCZVRRBafVPGnoJeFL76ZOAA84I9fEg==

universalify@^0.1.2:
  version "0.1.2"
  resolved "https://registry.yarnpkg.com/universalify/-/universalify-0.1.2.tgz#b646f69be3942dabcecc9d6639c80dc105efaa66"
  integrity sha512-rBJeI5CXAlmy1pV+617WB9J63U6XcazHHF2f2dbJix4XzpUF0RS3Zbj0FGIOCAva5P/d/GBOYaACQ1w+0azUkg==
